
Microsoft Visual Studio Solution File, Format Version 12.00
# Visual Studio Version 17
VisualStudioVersion = 17.4.33403.182
MinimumVisualStudioVersion = 10.0.40219.1
Project("{FAE04EC0-301F-11D3-BF4B-00C04F79EFBC}") = "PTUDW", "PTUDW\PTUDW.csproj", "{41747386-655A-4736-822A-40587C8580F5}"
EndProject
Project("{FAE04EC0-301F-11D3-BF4B-00C04F79EFBC}") = "MyClass", "MyClass\MyClass.csproj", "{4109594E-A870-46ED-B018-FA65B8440A4F}"
EndProject
Global
	GlobalSection(SolutionConfigurationPlatforms) = preSolution
		Debug|Any CPU = Debug|Any CPU
		Release|Any CPU = Release|Any CPU
	EndGlobalSection
	GlobalSection(ProjectConfigurationPlatforms) = postSolution
		{41747386-655A-4736-822A-40587C8580F5}.Debug|Any CPU.ActiveCfg = Debug|Any CPU
		{41747386-655A-4736-822A-40587C8580F5}.Debug|Any CPU.Build.0 = Debug|Any CPU
		{41747386-655A-4736-822A-40587C8580F5}.Release|Any CPU.ActiveCfg = Release|Any CPU
		{41747386-655A-4736-822A-40587C8580F5}.Release|Any CPU.Build.0 = Release|Any CPU
		{4109594E-A870-46ED-B018-FA65B8440A4F}.Debug|Any CPU.ActiveCfg = Debug|Any CPU
		{4109594E-A870-46ED-B018-FA65B8440A4F}.Debug|Any CPU.Build.0 = Debug|Any CPU
		{4109594E-A870-46ED-B018-FA65B8440A4F}.Release|Any CPU.ActiveCfg = Release|Any CPU
		{4109594E-A870-46ED-B018-FA65B8440A4F}.Release|Any CPU.Build.0 = Release|Any CPU
	EndGlobalSection
	GlobalSection(SolutionProperties) = preSolution
		HideSolutionNode = FALSE
	EndGlobalSection
	GlobalSection(ExtensibilityGlobals) = postSolution
		SolutionGuid = {533C11CF-7646-46A6-B7BE-B811A4EFDD61}
	EndGlobalSection
EndGlobal
